
Microsoft Visual Studio Solution File, Format Version 12.00
# Visual Studio Version 17
VisualStudioVersion = 17.9.34902.65
MinimumVisualStudioVersion = 10.0.40219.1
Project("{FAE04EC0-301F-11D3-BF4B-00C04F79EFBC}") = "AutoResetEventDemo", "AutoResetEventDemo\AutoResetEventDemo.csproj", "{0DF6A048-2A63-453C-BBDC-2157A7A1ADCD}"
EndProject
Global
	GlobalSection(SolutionConfigurationPlatforms) = preSolution
		Debug|Any CPU = Debug|Any CPU
		Release|Any CPU = Release|Any CPU
	EndGlobalSection
	GlobalSection(ProjectConfigurationPlatforms) = postSolution
		{0DF6A048-2A63-453C-BBDC-2157A7A1ADCD}.Debug|Any CPU.ActiveCfg = Debug|Any CPU
		{0DF6A048-2A63-453C-BBDC-2157A7A1ADCD}.Debug|Any CPU.Build.0 = Debug|Any CPU
		{0DF6A048-2A63-453C-BBDC-2157A7A1ADCD}.Release|Any CPU.ActiveCfg = Release|Any CPU
		{0DF6A048-2A63-453C-BBDC-2157A7A1ADCD}.Release|Any CPU.Build.0 = Release|Any CPU
	EndGlobalSection
	GlobalSection(SolutionProperties) = preSolution
		HideSolutionNode = FALSE
	EndGlobalSection
	GlobalSection(ExtensibilityGlobals) = postSolution
		SolutionGuid = {230C637C-0327-4244-A8FF-DA8B64939B9A}
	EndGlobalSection
EndGlobal
